
Microsoft Visual Studio Solution File, Format Version 11.00
# Visual Studio 2010
Project("{FAE04EC0-301F-11D3-BF4B-00C04F79EFBC}") = "GGJ_20180126", "Assembly-CSharp.csproj", "{0CDF6861-79E0-0351-9011-D3F85B3E8CC1}"
EndProject
Project("{FAE04EC0-301F-11D3-BF4B-00C04F79EFBC}") = "GGJ_20180126", "Assembly-CSharp-Editor.csproj", "{FC970FD3-E04E-5C21-A173-F57272AADA48}"
EndProject
Global
	GlobalSection(SolutionConfigurationPlatforms) = preSolution
		Debug|Any CPU = Debug|Any CPU
		Release|Any CPU = Release|Any CPU
	EndGlobalSection
	GlobalSection(ProjectConfigurationPlatforms) = postSolution
		{0CDF6861-79E0-0351-9011-D3F85B3E8CC1}.Debug|Any CPU.ActiveCfg = Debug|Any CPU
		{0CDF6861-79E0-0351-9011-D3F85B3E8CC1}.Debug|Any CPU.Build.0 = Debug|Any CPU
		{0CDF6861-79E0-0351-9011-D3F85B3E8CC1}.Release|Any CPU.ActiveCfg = Release|Any CPU
		{0CDF6861-79E0-0351-9011-D3F85B3E8CC1}.Release|Any CPU.Build.0 = Release|Any CPU
		{FC970FD3-E04E-5C21-A173-F57272AADA48}.Debug|Any CPU.ActiveCfg = Debug|Any CPU
		{FC970FD3-E04E-5C21-A173-F57272AADA48}.Debug|Any CPU.Build.0 = Debug|Any CPU
		{FC970FD3-E04E-5C21-A173-F57272AADA48}.Release|Any CPU.ActiveCfg = Release|Any CPU
		{FC970FD3-E04E-5C21-A173-F57272AADA48}.Release|Any CPU.Build.0 = Release|Any CPU
	EndGlobalSection
	GlobalSection(SolutionProperties) = preSolution
		HideSolutionNode = FALSE
	EndGlobalSection
	GlobalSection(MonoDevelopProperties) = preSolution
		StartupItem = Assembly-CSharp.csproj
	EndGlobalSection
EndGlobal
