
Microsoft Visual Studio Solution File, Format Version 12.00
# Visual Studio 2015
Project("{FAE04EC0-301F-11D3-BF4B-00C04F79EFBC}") = "GGJ_20180126", "GGJ_20180126.csproj", "{42945EB7-DFE9-0107-404B-23B706CB14F3}"
EndProject
Project("{FAE04EC0-301F-11D3-BF4B-00C04F79EFBC}") = "GGJ_20180126.Editor", "GGJ_20180126.Editor.csproj", "{D2D421B1-5A41-E97F-232D-9DF579BB9BBF}"
EndProject
Global
	GlobalSection(SolutionConfigurationPlatforms) = preSolution
		Debug|Any CPU = Debug|Any CPU
		Release|Any CPU = Release|Any CPU
	EndGlobalSection
	GlobalSection(ProjectConfigurationPlatforms) = postSolution
		{42945EB7-DFE9-0107-404B-23B706CB14F3}.Debug|Any CPU.ActiveCfg = Debug|Any CPU
		{42945EB7-DFE9-0107-404B-23B706CB14F3}.Debug|Any CPU.Build.0 = Debug|Any CPU
		{42945EB7-DFE9-0107-404B-23B706CB14F3}.Release|Any CPU.ActiveCfg = Release|Any CPU
		{42945EB7-DFE9-0107-404B-23B706CB14F3}.Release|Any CPU.Build.0 = Release|Any CPU
		{D2D421B1-5A41-E97F-232D-9DF579BB9BBF}.Debug|Any CPU.ActiveCfg = Debug|Any CPU
		{D2D421B1-5A41-E97F-232D-9DF579BB9BBF}.Debug|Any CPU.Build.0 = Debug|Any CPU
		{D2D421B1-5A41-E97F-232D-9DF579BB9BBF}.Release|Any CPU.ActiveCfg = Release|Any CPU
		{D2D421B1-5A41-E97F-232D-9DF579BB9BBF}.Release|Any CPU.Build.0 = Release|Any CPU
	EndGlobalSection
	GlobalSection(SolutionProperties) = preSolution
		HideSolutionNode = FALSE
	EndGlobalSection
EndGlobal
